
Microsoft Visual Studio Solution File, Format Version 12.00
# Visual Studio Version 16
VisualStudioVersion = 16.0.29728.190
MinimumVisualStudioVersion = 10.0.40219.1
Project("{FAE04EC0-301F-11D3-BF4B-00C04F79EFBC}") = "CloseActPlugin", "CloseActPlugin\CloseActPlugin.csproj", "{F6FDA8E9-A564-4854-9507-29478DE61DB9}"
EndProject
Global
	GlobalSection(SolutionConfigurationPlatforms) = preSolution
		Debug|Any CPU = Debug|Any CPU
		Release|Any CPU = Release|Any CPU
	EndGlobalSection
	GlobalSection(ProjectConfigurationPlatforms) = postSolution
		{F6FDA8E9-A564-4854-9507-29478DE61DB9}.Debug|Any CPU.ActiveCfg = Debug|Any CPU
		{F6FDA8E9-A564-4854-9507-29478DE61DB9}.Debug|Any CPU.Build.0 = Debug|Any CPU
		{F6FDA8E9-A564-4854-9507-29478DE61DB9}.Release|Any CPU.ActiveCfg = Release|Any CPU
		{F6FDA8E9-A564-4854-9507-29478DE61DB9}.Release|Any CPU.Build.0 = Release|Any CPU
	EndGlobalSection
	GlobalSection(SolutionProperties) = preSolution
		HideSolutionNode = FALSE
	EndGlobalSection
	GlobalSection(ExtensibilityGlobals) = postSolution
		SolutionGuid = {22BBDF67-F875-4C52-AF10-0D300AD222DC}
	EndGlobalSection
EndGlobal
